
Microsoft Visual Studio Solution File, Format Version 12.00
# Visual Studio Version 16
VisualStudioVersion = 16.0.32630.194
MinimumVisualStudioVersion = 10.0.40219.1
Project("{FAE04EC0-301F-11D3-BF4B-00C04F79EFBC}") = "BlazorApp", "BlazorApp\BlazorApp.csproj", "{ABF10DDF-76DD-4E04-9ED3-AF1F853C38BD}"
EndProject
Global
	GlobalSection(SolutionConfigurationPlatforms) = preSolution
		Debug|Any CPU = Debug|Any CPU
		Release|Any CPU = Release|Any CPU
	EndGlobalSection
	GlobalSection(ProjectConfigurationPlatforms) = postSolution
		{ABF10DDF-76DD-4E04-9ED3-AF1F853C38BD}.Debug|Any CPU.ActiveCfg = Debug|Any CPU
		{ABF10DDF-76DD-4E04-9ED3-AF1F853C38BD}.Debug|Any CPU.Build.0 = Debug|Any CPU
		{ABF10DDF-76DD-4E04-9ED3-AF1F853C38BD}.Release|Any CPU.ActiveCfg = Release|Any CPU
		{ABF10DDF-76DD-4E04-9ED3-AF1F853C38BD}.Release|Any CPU.Build.0 = Release|Any CPU
	EndGlobalSection
	GlobalSection(SolutionProperties) = preSolution
		HideSolutionNode = FALSE
	EndGlobalSection
	GlobalSection(ExtensibilityGlobals) = postSolution
		SolutionGuid = {DBAFAED5-8001-410A-A17F-42710CC6F339}
	EndGlobalSection
EndGlobal
